<?xml version="1.0" encoding="utf-8"?>
<Project ToolsVersion="4.0" xmlns="http://schemas.microsoft.com/developer/msbuild/2003">
  <ItemGroup>
    <ClCompile Include="..\Tests\main.cpp" />
    <ClCompile Include="..\Tests\Utility\CollectionsTests.cpp">
      <Filter>Utility</Filter>
    </ClCompile>
    <ClCompile Include="..\Tests\Math\MathHelpersTests.cpp">
      <Filter>Math</Filter>
    </ClCompile>
    <ClCompile Include="..\Tests\Math\CollisionTests.cpp">
      <Filter>Math</Filter>
    </ClCompile>
    <ClCompile Include="..\Tests\Math\RandomTests.cpp">
      <Filter>Math</Filter>
    </ClCompile>
    <ClCompile Include="..\Tests\Graphics\TextureAtlasTests.cpp">
      <Filter>Graphics</Filter>
    </ClCompile>
    <ClCompile Include="..\Tests\Graphics\ShapeRendererTests.cpp">
      <Filter>Graphics</Filter>
    </ClCompile>
    <ClCompile Include="..\Tests\Graphics\SpriteAnimationTests.cpp">
      <Filter>Graphics</Filter>
    </ClCompile>
    <ClCompile Include="..\Tests\Graphics\ColorTests.cpp">
      <Filter>Graphics</Filter>
    </ClCompile>
    <ClCompile Include="..\Tests\Graphics\BlendStateTests.cpp">
      <Filter>Graphics</Filter>
    </ClCompile>
    <ClCompile Include="..\Tests\Graphics\TypesTests.cpp">
      <Filter>Graphics</Filter>
    </ClCompile>
    <ClCompile Include="..\Tests\Audio\SoundTests.cpp">
      <Filter>Audio</Filter>
    </ClCompile>
    <ClCompile Include="..\Tests\Audio\StreamTests.cpp">
      <Filter>Audio</Filter>
    </ClCompile>
  </ItemGroup>
  <ItemGroup>
    <Filter Include="Graphics">
      <UniqueIdentifier>{3cf5c63e-bc0f-4ba8-a0cd-da2d3d64b800}</UniqueIdentifier>
    </Filter>
    <Filter Include="Math">
      <UniqueIdentifier>{5b5ed85a-151f-45f4-bec6-cfc23e2f26a6}</UniqueIdentifier>
    </Filter>
    <Filter Include="Utility">
      <UniqueIdentifier>{f14dd698-c653-4aee-961a-34229095cd80}</UniqueIdentifier>
    </Filter>
    <Filter Include="Audio">
      <UniqueIdentifier>{8e4d3a1f-2c5b-4f7e-9d8a-1b3c4e5f6a7b}</UniqueIdentifier>
    </Filter>
  </ItemGroup>
</Project>